
Microsoft Visual Studio Solution File, Format Version 12.00
# Visual Studio 15
VisualStudioVersion = 15.0.26430.14
MinimumVisualStudioVersion = 10.0.40219.1
Project("{FAE04EC0-301F-11D3-BF4B-00C04F79EFBC}") = "Test0713.Console", "Test0713.Console\Test0713.Console.csproj", "{3A4686B2-238F-49B7-8FA8-71294AE8479D}"
EndProject
Project("{FAE04EC0-301F-11D3-BF4B-00C04F79EFBC}") = "Test0713.Unity", "Test0713.Unity\Test0713.Unity.csproj", "{26089B11-353C-495E-99DB-61BCF35E767A}"
EndProject
Project("{FAE04EC0-301F-11D3-BF4B-00C04F79EFBC}") = "EventDriver", "EventDriver\EventDriver.csproj", "{9C0B6DFA-6F13-4D4F-BC5B-7D792A7975E5}"
EndProject
Global
	GlobalSection(SolutionConfigurationPlatforms) = preSolution
		Debug|Any CPU = Debug|Any CPU
		Release|Any CPU = Release|Any CPU
	EndGlobalSection
	GlobalSection(ProjectConfigurationPlatforms) = postSolution
		{3A4686B2-238F-49B7-8FA8-71294AE8479D}.Debug|Any CPU.ActiveCfg = Debug|Any CPU
		{3A4686B2-238F-49B7-8FA8-71294AE8479D}.Debug|Any CPU.Build.0 = Debug|Any CPU
		{3A4686B2-238F-49B7-8FA8-71294AE8479D}.Release|Any CPU.ActiveCfg = Release|Any CPU
		{3A4686B2-238F-49B7-8FA8-71294AE8479D}.Release|Any CPU.Build.0 = Release|Any CPU
		{26089B11-353C-495E-99DB-61BCF35E767A}.Debug|Any CPU.ActiveCfg = Debug|Any CPU
		{26089B11-353C-495E-99DB-61BCF35E767A}.Debug|Any CPU.Build.0 = Debug|Any CPU
		{26089B11-353C-495E-99DB-61BCF35E767A}.Release|Any CPU.ActiveCfg = Release|Any CPU
		{26089B11-353C-495E-99DB-61BCF35E767A}.Release|Any CPU.Build.0 = Release|Any CPU
		{9C0B6DFA-6F13-4D4F-BC5B-7D792A7975E5}.Debug|Any CPU.ActiveCfg = Debug|Any CPU
		{9C0B6DFA-6F13-4D4F-BC5B-7D792A7975E5}.Debug|Any CPU.Build.0 = Debug|Any CPU
		{9C0B6DFA-6F13-4D4F-BC5B-7D792A7975E5}.Release|Any CPU.ActiveCfg = Release|Any CPU
		{9C0B6DFA-6F13-4D4F-BC5B-7D792A7975E5}.Release|Any CPU.Build.0 = Release|Any CPU
	EndGlobalSection
	GlobalSection(SolutionProperties) = preSolution
		HideSolutionNode = FALSE
	EndGlobalSection
EndGlobal
