
Microsoft Visual Studio Solution File, Format Version 12.00
# Visual Studio 15
VisualStudioVersion = 15.0.26430.14
MinimumVisualStudioVersion = 10.0.40219.1
Project("{FAE04EC0-301F-11D3-BF4B-00C04F79EFBC}") = "Test0713.Console", "Test0713.Console\Test0713.Console.csproj", "{3A4686B2-238F-49B7-8FA8-71294AE8479D}"
EndProject
Project("{FAE04EC0-301F-11D3-BF4B-00C04F79EFBC}") = "Test0713.Unity", "Test0713.Unity\Test0713.Unity.csproj", "{26089B11-353C-495E-99DB-61BCF35E767A}"
EndProject
Project("{FAE04EC0-301F-11D3-BF4B-00C04F79EFBC}") = "EventDriver", "EventDriver\EventDriver.csproj", "{9C0B6DFA-6F13-4D4F-BC5B-7D792A7975E5}"
EndProject
Project("{2150E333-8FDC-42A3-9474-1A3956D46DE8}") = "Unity", "Unity", "{529BC51D-4DAB-499B-AE49-B2BD6DCB4E4F}"
EndProject
Project("{FAE04EC0-301F-11D3-BF4B-00C04F79EFBC}") = "Test0713.Unity.ConstructorInjection", "Test0713.Unity.ConstructorInjection\Test0713.Unity.ConstructorInjection.csproj", "{419971D7-40DA-42D1-91C2-767C68BBB98D}"
EndProject
Project("{2150E333-8FDC-42A3-9474-1A3956D46DE8}") = "AutoMapper", "AutoMapper", "{FC7874FA-0BE2-4141-8E38-78BF98907FA8}"
EndProject
Project("{FAE04EC0-301F-11D3-BF4B-00C04F79EFBC}") = "MapperCreater", "AutoMapper\MapperCreater.csproj", "{DDCA5F0D-2DB6-4401-95B1-B13249524683}"
EndProject
Project("{FAE04EC0-301F-11D3-BF4B-00C04F79EFBC}") = "AutoMapperConsole", "AutoMapperConsole\AutoMapperConsole.csproj", "{877DEA8E-FC50-4116-B31A-F260341CEF21}"
EndProject
Project("{FAE04EC0-301F-11D3-BF4B-00C04F79EFBC}") = "AutoMapperEntity", "AutoMapperEntity\AutoMapperEntity.csproj", "{762EF6E6-721F-451E-91FE-0380783166CE}"
EndProject
Project("{FAE04EC0-301F-11D3-BF4B-00C04F79EFBC}") = "AutoMapperDTO", "AutoMapperDTO\AutoMapperDTO.csproj", "{BB709375-5125-41B8-8C5A-273D5CEE6AAD}"
EndProject
Global
	GlobalSection(SolutionConfigurationPlatforms) = preSolution
		Debug|Any CPU = Debug|Any CPU
		Release|Any CPU = Release|Any CPU
	EndGlobalSection
	GlobalSection(ProjectConfigurationPlatforms) = postSolution
		{3A4686B2-238F-49B7-8FA8-71294AE8479D}.Debug|Any CPU.ActiveCfg = Debug|Any CPU
		{3A4686B2-238F-49B7-8FA8-71294AE8479D}.Debug|Any CPU.Build.0 = Debug|Any CPU
		{3A4686B2-238F-49B7-8FA8-71294AE8479D}.Release|Any CPU.ActiveCfg = Release|Any CPU
		{3A4686B2-238F-49B7-8FA8-71294AE8479D}.Release|Any CPU.Build.0 = Release|Any CPU
		{26089B11-353C-495E-99DB-61BCF35E767A}.Debug|Any CPU.ActiveCfg = Debug|Any CPU
		{26089B11-353C-495E-99DB-61BCF35E767A}.Debug|Any CPU.Build.0 = Debug|Any CPU
		{26089B11-353C-495E-99DB-61BCF35E767A}.Release|Any CPU.ActiveCfg = Release|Any CPU
		{26089B11-353C-495E-99DB-61BCF35E767A}.Release|Any CPU.Build.0 = Release|Any CPU
		{9C0B6DFA-6F13-4D4F-BC5B-7D792A7975E5}.Debug|Any CPU.ActiveCfg = Debug|Any CPU
		{9C0B6DFA-6F13-4D4F-BC5B-7D792A7975E5}.Debug|Any CPU.Build.0 = Debug|Any CPU
		{9C0B6DFA-6F13-4D4F-BC5B-7D792A7975E5}.Release|Any CPU.ActiveCfg = Release|Any CPU
		{9C0B6DFA-6F13-4D4F-BC5B-7D792A7975E5}.Release|Any CPU.Build.0 = Release|Any CPU
		{419971D7-40DA-42D1-91C2-767C68BBB98D}.Debug|Any CPU.ActiveCfg = Debug|Any CPU
		{419971D7-40DA-42D1-91C2-767C68BBB98D}.Debug|Any CPU.Build.0 = Debug|Any CPU
		{419971D7-40DA-42D1-91C2-767C68BBB98D}.Release|Any CPU.ActiveCfg = Release|Any CPU
		{419971D7-40DA-42D1-91C2-767C68BBB98D}.Release|Any CPU.Build.0 = Release|Any CPU
		{DDCA5F0D-2DB6-4401-95B1-B13249524683}.Debug|Any CPU.ActiveCfg = Debug|Any CPU
		{DDCA5F0D-2DB6-4401-95B1-B13249524683}.Debug|Any CPU.Build.0 = Debug|Any CPU
		{DDCA5F0D-2DB6-4401-95B1-B13249524683}.Release|Any CPU.ActiveCfg = Release|Any CPU
		{DDCA5F0D-2DB6-4401-95B1-B13249524683}.Release|Any CPU.Build.0 = Release|Any CPU
		{877DEA8E-FC50-4116-B31A-F260341CEF21}.Debug|Any CPU.ActiveCfg = Debug|Any CPU
		{877DEA8E-FC50-4116-B31A-F260341CEF21}.Debug|Any CPU.Build.0 = Debug|Any CPU
		{877DEA8E-FC50-4116-B31A-F260341CEF21}.Release|Any CPU.ActiveCfg = Release|Any CPU
		{877DEA8E-FC50-4116-B31A-F260341CEF21}.Release|Any CPU.Build.0 = Release|Any CPU
		{762EF6E6-721F-451E-91FE-0380783166CE}.Debug|Any CPU.ActiveCfg = Debug|Any CPU
		{762EF6E6-721F-451E-91FE-0380783166CE}.Debug|Any CPU.Build.0 = Debug|Any CPU
		{762EF6E6-721F-451E-91FE-0380783166CE}.Release|Any CPU.ActiveCfg = Release|Any CPU
		{762EF6E6-721F-451E-91FE-0380783166CE}.Release|Any CPU.Build.0 = Release|Any CPU
		{BB709375-5125-41B8-8C5A-273D5CEE6AAD}.Debug|Any CPU.ActiveCfg = Debug|Any CPU
		{BB709375-5125-41B8-8C5A-273D5CEE6AAD}.Debug|Any CPU.Build.0 = Debug|Any CPU
		{BB709375-5125-41B8-8C5A-273D5CEE6AAD}.Release|Any CPU.ActiveCfg = Release|Any CPU
		{BB709375-5125-41B8-8C5A-273D5CEE6AAD}.Release|Any CPU.Build.0 = Release|Any CPU
	EndGlobalSection
	GlobalSection(SolutionProperties) = preSolution
		HideSolutionNode = FALSE
	EndGlobalSection
	GlobalSection(NestedProjects) = preSolution
		{26089B11-353C-495E-99DB-61BCF35E767A} = {529BC51D-4DAB-499B-AE49-B2BD6DCB4E4F}
		{419971D7-40DA-42D1-91C2-767C68BBB98D} = {529BC51D-4DAB-499B-AE49-B2BD6DCB4E4F}
		{DDCA5F0D-2DB6-4401-95B1-B13249524683} = {FC7874FA-0BE2-4141-8E38-78BF98907FA8}
		{877DEA8E-FC50-4116-B31A-F260341CEF21} = {FC7874FA-0BE2-4141-8E38-78BF98907FA8}
		{762EF6E6-721F-451E-91FE-0380783166CE} = {FC7874FA-0BE2-4141-8E38-78BF98907FA8}
		{BB709375-5125-41B8-8C5A-273D5CEE6AAD} = {FC7874FA-0BE2-4141-8E38-78BF98907FA8}
	EndGlobalSection
EndGlobal
